
Microsoft Visual Studio Solution File, Format Version 12.00
Project("{FAE04EC0-301F-11D3-BF4B-00C04F79EFBC}") = "Tournament", "Tournament\Tournament.csproj", "{5AD93FED-3DFB-4BB6-AA56-84182A9FF285}"
EndProject
Project("{FAE04EC0-301F-11D3-BF4B-00C04F79EFBC}") = "Examples", "Bots\Bomberman\Examples\Examples.csproj", "{B7351349-E1D2-475A-82A9-E9222FBD43B7}"
EndProject
Project("{FAE04EC0-301F-11D3-BF4B-00C04F79EFBC}") = "Archive", "Bots\Bomberman\Archive\Archive.csproj", "{0F40CB4D-6898-4821-A2BA-7201AA47DDF6}"
EndProject
Project("{FAE04EC0-301F-11D3-BF4B-00C04F79EFBC}") = "TournamentServer", "TournamentServer\TournamentServer.csproj", "{E00827C8-246B-4DEB-93EC-1409875DB2D4}"
EndProject
Project("{FAE04EC0-301F-11D3-BF4B-00C04F79EFBC}") = "TestInputDevelopment", "TestInputDevelopment\TestInputDevelopment.csproj", "{2D6CB9FC-C84A-4858-B3E4-75BE75D12229}"
EndProject
Project("{2150E333-8FDC-42A3-9474-1A3956D46DE8}") = "Core", "Core", "{0ADCA561-9C09-4350-AD1E-82E3E0F669D3}"
EndProject
Project("{FAE04EC0-301F-11D3-BF4B-00C04F79EFBC}") = "Server", "Core\Network\Server\Server.csproj", "{05D50EFF-5563-4683-9167-AF9230C95AA8}"
EndProject
Project("{FAE04EC0-301F-11D3-BF4B-00C04F79EFBC}") = "Client", "Core\Network\Client\Client.csproj", "{B3B5371C-35B5-4C6E-9929-82FCD8A6831A}"
EndProject
Project("{FAE04EC0-301F-11D3-BF4B-00C04F79EFBC}") = "InternalShared", "Core\Network\InternalShared\InternalShared.csproj", "{F26D6DAD-C231-45AE-A68F-76817019E485}"
EndProject
Project("{FAE04EC0-301F-11D3-BF4B-00C04F79EFBC}") = "Network.Shared", "Core\Network.Shared\Network.Shared.csproj", "{F24550FC-8EAC-4B3F-A75B-CC505735D04A}"
EndProject
Project("{FAE04EC0-301F-11D3-BF4B-00C04F79EFBC}") = "NetworkFactory", "Core\NetworkFactory\NetworkFactory.csproj", "{55F2EA3E-3599-4055-BECC-EC247F234C36}"
EndProject
Project("{2150E333-8FDC-42A3-9474-1A3956D46DE8}") = "Bots", "Bots", "{57877572-3170-4812-B6F9-1E3AADB74565}"
EndProject
Project("{2150E333-8FDC-42A3-9474-1A3956D46DE8}") = "Bomberman", "Bomberman", "{4C26DF48-4628-41FC-B90B-55F2DB9AEEB6}"
EndProject
Project("{FAE04EC0-301F-11D3-BF4B-00C04F79EFBC}") = "DumbBot", "Bots\Bomberman\DumbBot\DumbBot.csproj", "{ECE45B22-D967-4402-B181-C0D74BCF574A}"
EndProject
Project("{2150E333-8FDC-42A3-9474-1A3956D46DE8}") = "Network", "Network", "{C3809524-98B4-4CA8-B896-D6678A482930}"
EndProject
Project("{2150E333-8FDC-42A3-9474-1A3956D46DE8}") = "Engine", "Engine", "{50E7ED19-7140-43B7-A818-F86C7B090420}"
EndProject
Project("{FAE04EC0-301F-11D3-BF4B-00C04F79EFBC}") = "Engine.Shared", "Core\Engine.Shared\Engine.Shared.csproj", "{625E222C-8EA8-4F10-899A-9B9A566BFB9B}"
EndProject
Project("{FAE04EC0-301F-11D3-BF4B-00C04F79EFBC}") = "EngineFactory", "Core\EngineFactory\EngineFactory.csproj", "{2D187F89-7B97-4CFC-AC91-5E1D126C1D25}"
EndProject
Project("{FAE04EC0-301F-11D3-BF4B-00C04F79EFBC}") = "Graphic", "Core\Engine\Graphic\Graphic.csproj", "{204F4986-C560-4EA9-BD4C-282FEE306D2A}"
EndProject
Project("{FAE04EC0-301F-11D3-BF4B-00C04F79EFBC}") = "Input", "Core\Engine\Input\Input.csproj", "{FD737E4A-A9B2-4353-86D8-C79AD92A7214}"
EndProject
Project("{2150E333-8FDC-42A3-9474-1A3956D46DE8}") = "Games", "Games", "{8784EF01-9884-4CDA-8195-BF905129C939}"
EndProject
Project("{FAE04EC0-301F-11D3-BF4B-00C04F79EFBC}") = "BombermanGame", "Games\BombermanGame\BombermanGame.csproj", "{CC6878E7-F3AF-4B1E-884B-A57F8137527F}"
EndProject
Project("{FAE04EC0-301F-11D3-BF4B-00C04F79EFBC}") = "BombermanGame.Shared", "Games\BombermanGame.Shared\BombermanGame.Shared.csproj", "{61D91724-D399-4322-B6D4-15134D400D0D}"
EndProject
Project("{FAE04EC0-301F-11D3-BF4B-00C04F79EFBC}") = "RaceGame", "Games\RaceGame\RaceGame.csproj", "{C4B7C83F-211F-4577-B686-3344CD3A1E6C}"
EndProject
Project("{FAE04EC0-301F-11D3-BF4B-00C04F79EFBC}") = "SafeGame", "Games\SafeGame\SafeGame.csproj", "{35C5521A-111E-4BAB-84C8-28860EFD9873}"
EndProject
Global
	GlobalSection(SolutionConfigurationPlatforms) = preSolution
		Debug|Any CPU = Debug|Any CPU
		Release|Any CPU = Release|Any CPU
	EndGlobalSection
	GlobalSection(ProjectConfigurationPlatforms) = postSolution
		{5AD93FED-3DFB-4BB6-AA56-84182A9FF285}.Debug|Any CPU.ActiveCfg = Debug|Any CPU
		{5AD93FED-3DFB-4BB6-AA56-84182A9FF285}.Debug|Any CPU.Build.0 = Debug|Any CPU
		{5AD93FED-3DFB-4BB6-AA56-84182A9FF285}.Release|Any CPU.ActiveCfg = Release|Any CPU
		{5AD93FED-3DFB-4BB6-AA56-84182A9FF285}.Release|Any CPU.Build.0 = Release|Any CPU
		{B7351349-E1D2-475A-82A9-E9222FBD43B7}.Debug|Any CPU.ActiveCfg = Debug|Any CPU
		{B7351349-E1D2-475A-82A9-E9222FBD43B7}.Debug|Any CPU.Build.0 = Debug|Any CPU
		{B7351349-E1D2-475A-82A9-E9222FBD43B7}.Release|Any CPU.ActiveCfg = Release|Any CPU
		{B7351349-E1D2-475A-82A9-E9222FBD43B7}.Release|Any CPU.Build.0 = Release|Any CPU
		{0F40CB4D-6898-4821-A2BA-7201AA47DDF6}.Debug|Any CPU.ActiveCfg = Debug|Any CPU
		{0F40CB4D-6898-4821-A2BA-7201AA47DDF6}.Debug|Any CPU.Build.0 = Debug|Any CPU
		{0F40CB4D-6898-4821-A2BA-7201AA47DDF6}.Release|Any CPU.ActiveCfg = Release|Any CPU
		{0F40CB4D-6898-4821-A2BA-7201AA47DDF6}.Release|Any CPU.Build.0 = Release|Any CPU
		{E00827C8-246B-4DEB-93EC-1409875DB2D4}.Debug|Any CPU.ActiveCfg = Debug|Any CPU
		{E00827C8-246B-4DEB-93EC-1409875DB2D4}.Debug|Any CPU.Build.0 = Debug|Any CPU
		{E00827C8-246B-4DEB-93EC-1409875DB2D4}.Release|Any CPU.ActiveCfg = Release|Any CPU
		{E00827C8-246B-4DEB-93EC-1409875DB2D4}.Release|Any CPU.Build.0 = Release|Any CPU
		{2D6CB9FC-C84A-4858-B3E4-75BE75D12229}.Debug|Any CPU.ActiveCfg = Debug|Any CPU
		{2D6CB9FC-C84A-4858-B3E4-75BE75D12229}.Debug|Any CPU.Build.0 = Debug|Any CPU
		{2D6CB9FC-C84A-4858-B3E4-75BE75D12229}.Release|Any CPU.ActiveCfg = Release|Any CPU
		{2D6CB9FC-C84A-4858-B3E4-75BE75D12229}.Release|Any CPU.Build.0 = Release|Any CPU
		{05D50EFF-5563-4683-9167-AF9230C95AA8}.Debug|Any CPU.ActiveCfg = Debug|Any CPU
		{05D50EFF-5563-4683-9167-AF9230C95AA8}.Debug|Any CPU.Build.0 = Debug|Any CPU
		{05D50EFF-5563-4683-9167-AF9230C95AA8}.Release|Any CPU.ActiveCfg = Release|Any CPU
		{05D50EFF-5563-4683-9167-AF9230C95AA8}.Release|Any CPU.Build.0 = Release|Any CPU
		{B3B5371C-35B5-4C6E-9929-82FCD8A6831A}.Debug|Any CPU.ActiveCfg = Debug|Any CPU
		{B3B5371C-35B5-4C6E-9929-82FCD8A6831A}.Debug|Any CPU.Build.0 = Debug|Any CPU
		{B3B5371C-35B5-4C6E-9929-82FCD8A6831A}.Release|Any CPU.ActiveCfg = Release|Any CPU
		{B3B5371C-35B5-4C6E-9929-82FCD8A6831A}.Release|Any CPU.Build.0 = Release|Any CPU
		{F26D6DAD-C231-45AE-A68F-76817019E485}.Debug|Any CPU.ActiveCfg = Debug|Any CPU
		{F26D6DAD-C231-45AE-A68F-76817019E485}.Debug|Any CPU.Build.0 = Debug|Any CPU
		{F26D6DAD-C231-45AE-A68F-76817019E485}.Release|Any CPU.ActiveCfg = Release|Any CPU
		{F26D6DAD-C231-45AE-A68F-76817019E485}.Release|Any CPU.Build.0 = Release|Any CPU
		{F24550FC-8EAC-4B3F-A75B-CC505735D04A}.Debug|Any CPU.ActiveCfg = Debug|Any CPU
		{F24550FC-8EAC-4B3F-A75B-CC505735D04A}.Debug|Any CPU.Build.0 = Debug|Any CPU
		{F24550FC-8EAC-4B3F-A75B-CC505735D04A}.Release|Any CPU.ActiveCfg = Release|Any CPU
		{F24550FC-8EAC-4B3F-A75B-CC505735D04A}.Release|Any CPU.Build.0 = Release|Any CPU
		{55F2EA3E-3599-4055-BECC-EC247F234C36}.Debug|Any CPU.ActiveCfg = Debug|Any CPU
		{55F2EA3E-3599-4055-BECC-EC247F234C36}.Debug|Any CPU.Build.0 = Debug|Any CPU
		{55F2EA3E-3599-4055-BECC-EC247F234C36}.Release|Any CPU.ActiveCfg = Release|Any CPU
		{55F2EA3E-3599-4055-BECC-EC247F234C36}.Release|Any CPU.Build.0 = Release|Any CPU
		{ECE45B22-D967-4402-B181-C0D74BCF574A}.Debug|Any CPU.ActiveCfg = Debug|Any CPU
		{ECE45B22-D967-4402-B181-C0D74BCF574A}.Debug|Any CPU.Build.0 = Debug|Any CPU
		{ECE45B22-D967-4402-B181-C0D74BCF574A}.Release|Any CPU.ActiveCfg = Release|Any CPU
		{ECE45B22-D967-4402-B181-C0D74BCF574A}.Release|Any CPU.Build.0 = Release|Any CPU
		{625E222C-8EA8-4F10-899A-9B9A566BFB9B}.Debug|Any CPU.ActiveCfg = Debug|Any CPU
		{625E222C-8EA8-4F10-899A-9B9A566BFB9B}.Debug|Any CPU.Build.0 = Debug|Any CPU
		{625E222C-8EA8-4F10-899A-9B9A566BFB9B}.Release|Any CPU.ActiveCfg = Release|Any CPU
		{625E222C-8EA8-4F10-899A-9B9A566BFB9B}.Release|Any CPU.Build.0 = Release|Any CPU
		{2D187F89-7B97-4CFC-AC91-5E1D126C1D25}.Debug|Any CPU.ActiveCfg = Debug|Any CPU
		{2D187F89-7B97-4CFC-AC91-5E1D126C1D25}.Debug|Any CPU.Build.0 = Debug|Any CPU
		{2D187F89-7B97-4CFC-AC91-5E1D126C1D25}.Release|Any CPU.ActiveCfg = Release|Any CPU
		{2D187F89-7B97-4CFC-AC91-5E1D126C1D25}.Release|Any CPU.Build.0 = Release|Any CPU
		{204F4986-C560-4EA9-BD4C-282FEE306D2A}.Debug|Any CPU.ActiveCfg = Debug|Any CPU
		{204F4986-C560-4EA9-BD4C-282FEE306D2A}.Debug|Any CPU.Build.0 = Debug|Any CPU
		{204F4986-C560-4EA9-BD4C-282FEE306D2A}.Release|Any CPU.ActiveCfg = Release|Any CPU
		{204F4986-C560-4EA9-BD4C-282FEE306D2A}.Release|Any CPU.Build.0 = Release|Any CPU
		{FD737E4A-A9B2-4353-86D8-C79AD92A7214}.Debug|Any CPU.ActiveCfg = Debug|Any CPU
		{FD737E4A-A9B2-4353-86D8-C79AD92A7214}.Debug|Any CPU.Build.0 = Debug|Any CPU
		{FD737E4A-A9B2-4353-86D8-C79AD92A7214}.Release|Any CPU.ActiveCfg = Release|Any CPU
		{FD737E4A-A9B2-4353-86D8-C79AD92A7214}.Release|Any CPU.Build.0 = Release|Any CPU
		{CC6878E7-F3AF-4B1E-884B-A57F8137527F}.Debug|Any CPU.ActiveCfg = Debug|Any CPU
		{CC6878E7-F3AF-4B1E-884B-A57F8137527F}.Debug|Any CPU.Build.0 = Debug|Any CPU
		{CC6878E7-F3AF-4B1E-884B-A57F8137527F}.Release|Any CPU.ActiveCfg = Release|Any CPU
		{CC6878E7-F3AF-4B1E-884B-A57F8137527F}.Release|Any CPU.Build.0 = Release|Any CPU
		{61D91724-D399-4322-B6D4-15134D400D0D}.Debug|Any CPU.ActiveCfg = Debug|Any CPU
		{61D91724-D399-4322-B6D4-15134D400D0D}.Debug|Any CPU.Build.0 = Debug|Any CPU
		{61D91724-D399-4322-B6D4-15134D400D0D}.Release|Any CPU.ActiveCfg = Release|Any CPU
		{61D91724-D399-4322-B6D4-15134D400D0D}.Release|Any CPU.Build.0 = Release|Any CPU
		{C4B7C83F-211F-4577-B686-3344CD3A1E6C}.Debug|Any CPU.ActiveCfg = Debug|Any CPU
		{C4B7C83F-211F-4577-B686-3344CD3A1E6C}.Debug|Any CPU.Build.0 = Debug|Any CPU
		{C4B7C83F-211F-4577-B686-3344CD3A1E6C}.Release|Any CPU.ActiveCfg = Release|Any CPU
		{C4B7C83F-211F-4577-B686-3344CD3A1E6C}.Release|Any CPU.Build.0 = Release|Any CPU
		{35C5521A-111E-4BAB-84C8-28860EFD9873}.Debug|Any CPU.ActiveCfg = Debug|Any CPU
		{35C5521A-111E-4BAB-84C8-28860EFD9873}.Debug|Any CPU.Build.0 = Debug|Any CPU
		{35C5521A-111E-4BAB-84C8-28860EFD9873}.Release|Any CPU.ActiveCfg = Release|Any CPU
		{35C5521A-111E-4BAB-84C8-28860EFD9873}.Release|Any CPU.Build.0 = Release|Any CPU
	EndGlobalSection
	GlobalSection(NestedProjects) = preSolution
		{F24550FC-8EAC-4B3F-A75B-CC505735D04A} = {0ADCA561-9C09-4350-AD1E-82E3E0F669D3}
		{55F2EA3E-3599-4055-BECC-EC247F234C36} = {0ADCA561-9C09-4350-AD1E-82E3E0F669D3}
		{4C26DF48-4628-41FC-B90B-55F2DB9AEEB6} = {57877572-3170-4812-B6F9-1E3AADB74565}
		{ECE45B22-D967-4402-B181-C0D74BCF574A} = {4C26DF48-4628-41FC-B90B-55F2DB9AEEB6}
		{0F40CB4D-6898-4821-A2BA-7201AA47DDF6} = {4C26DF48-4628-41FC-B90B-55F2DB9AEEB6}
		{B7351349-E1D2-475A-82A9-E9222FBD43B7} = {4C26DF48-4628-41FC-B90B-55F2DB9AEEB6}
		{C3809524-98B4-4CA8-B896-D6678A482930} = {0ADCA561-9C09-4350-AD1E-82E3E0F669D3}
		{B3B5371C-35B5-4C6E-9929-82FCD8A6831A} = {C3809524-98B4-4CA8-B896-D6678A482930}
		{F26D6DAD-C231-45AE-A68F-76817019E485} = {C3809524-98B4-4CA8-B896-D6678A482930}
		{05D50EFF-5563-4683-9167-AF9230C95AA8} = {C3809524-98B4-4CA8-B896-D6678A482930}
		{50E7ED19-7140-43B7-A818-F86C7B090420} = {0ADCA561-9C09-4350-AD1E-82E3E0F669D3}
		{625E222C-8EA8-4F10-899A-9B9A566BFB9B} = {0ADCA561-9C09-4350-AD1E-82E3E0F669D3}
		{2D187F89-7B97-4CFC-AC91-5E1D126C1D25} = {0ADCA561-9C09-4350-AD1E-82E3E0F669D3}
		{204F4986-C560-4EA9-BD4C-282FEE306D2A} = {50E7ED19-7140-43B7-A818-F86C7B090420}
		{FD737E4A-A9B2-4353-86D8-C79AD92A7214} = {50E7ED19-7140-43B7-A818-F86C7B090420}
		{CC6878E7-F3AF-4B1E-884B-A57F8137527F} = {8784EF01-9884-4CDA-8195-BF905129C939}
		{61D91724-D399-4322-B6D4-15134D400D0D} = {8784EF01-9884-4CDA-8195-BF905129C939}
		{C4B7C83F-211F-4577-B686-3344CD3A1E6C} = {8784EF01-9884-4CDA-8195-BF905129C939}
		{35C5521A-111E-4BAB-84C8-28860EFD9873} = {8784EF01-9884-4CDA-8195-BF905129C939}
	EndGlobalSection
EndGlobal
