
Microsoft Visual Studio Solution File, Format Version 12.00
Project("{2150E333-8FDC-42A3-9474-1A3956D46DE8}") = "Engine", "Engine", "{9D1AFF83-5BE5-413D-9A3F-F1EA9F575B8B}"
EndProject
Project("{FAE04EC0-301F-11D3-BF4B-00C04F79EFBC}") = "Engine.SharedInterfaces", "Engine\Engine.SharedInterfaces\Engine.SharedInterfaces.csproj", "{E9031949-17DE-4F1E-BAC6-8381B4A74BEF}"
EndProject
Project("{FAE04EC0-301F-11D3-BF4B-00C04F79EFBC}") = "Engine.Graphic", "Engine\Engine.Graphic\Engine.Graphic.csproj", "{2EDE3DA2-4516-4A97-B05D-9A3D843A9C99}"
EndProject
Project("{FAE04EC0-301F-11D3-BF4B-00C04F79EFBC}") = "Engine", "Engine\Engine\Engine.csproj", "{B1288FF4-13D3-41A5-A58B-5572A56F98E6}"
EndProject
Project("{FAE04EC0-301F-11D3-BF4B-00C04F79EFBC}") = "Engine.Shared", "Engine\Engine.Shared\Engine.Shared.csproj", "{F09DF2A6-4CB9-4A22-BF41-578BA4189202}"
EndProject
Project("{FAE04EC0-301F-11D3-BF4B-00C04F79EFBC}") = "Tournament", "Tournament\Tournament.csproj", "{5AD93FED-3DFB-4BB6-AA56-84182A9FF285}"
EndProject
Project("{FAE04EC0-301F-11D3-BF4B-00C04F79EFBC}") = "BombermanGame", "BombermanGame\BombermanGame.csproj", "{CB499FC0-5303-49C8-AB53-39C771E6FFA8}"
EndProject
Project("{FAE04EC0-301F-11D3-BF4B-00C04F79EFBC}") = "BombermanGame.Shared", "BombermanGame.Shared\BombermanGame.Shared.csproj", "{4DF81B5C-7BDB-4DE6-8716-C8854FCC6319}"
EndProject
Project("{FAE04EC0-301F-11D3-BF4B-00C04F79EFBC}") = "BombermanBotExamples", "Bots\Bomberman\BombermanBotExamples\BombermanBotExamples.csproj", "{B7351349-E1D2-475A-82A9-E9222FBD43B7}"
EndProject
Project("{FAE04EC0-301F-11D3-BF4B-00C04F79EFBC}") = "BombermanBots", "Bots\Bomberman\BombermanBots\BombermanBots.csproj", "{0F40CB4D-6898-4821-A2BA-7201AA47DDF6}"
EndProject
Project("{FAE04EC0-301F-11D3-BF4B-00C04F79EFBC}") = "TournamentServer", "TournamentServer\TournamentServer.csproj", "{E00827C8-246B-4DEB-93EC-1409875DB2D4}"
EndProject
Project("{FAE04EC0-301F-11D3-BF4B-00C04F79EFBC}") = "SafeGame", "SafeGame\SafeGame.csproj", "{CC9F3FA0-9812-45B1-A1EC-6738B986D405}"
EndProject
Project("{FAE04EC0-301F-11D3-BF4B-00C04F79EFBC}") = "RaceGame", "RaceGame\RaceGame.csproj", "{3ED1C675-D13C-4AD4-B09B-CD7EF872F146}"
EndProject
Project("{FAE04EC0-301F-11D3-BF4B-00C04F79EFBC}") = "TestInputDevelopment", "TestInputDevelopment\TestInputDevelopment.csproj", "{2D6CB9FC-C84A-4858-B3E4-75BE75D12229}"
EndProject
Project("{FAE04EC0-301F-11D3-BF4B-00C04F79EFBC}") = "Engine.Input", "Engine\Engine.Input\Engine.Input.csproj", "{4C3B4967-A0D1-4886-A16B-F8CFFE0E5F4C}"
EndProject
Project("{2150E333-8FDC-42A3-9474-1A3956D46DE8}") = "Core", "Core", "{0ADCA561-9C09-4350-AD1E-82E3E0F669D3}"
EndProject
Project("{FAE04EC0-301F-11D3-BF4B-00C04F79EFBC}") = "Core.Network.Server", "Core.Network.Server\Core.Network.Server.csproj", "{05D50EFF-5563-4683-9167-AF9230C95AA8}"
EndProject
Project("{FAE04EC0-301F-11D3-BF4B-00C04F79EFBC}") = "Core.Network.Client", "Core.Network.Client\Core.Network.Client.csproj", "{B3B5371C-35B5-4C6E-9929-82FCD8A6831A}"
EndProject
Project("{FAE04EC0-301F-11D3-BF4B-00C04F79EFBC}") = "Core.Network.InternalShared", "Core.Network.InternalShared\Core.Network.InternalShared.csproj", "{F26D6DAD-C231-45AE-A68F-76817019E485}"
EndProject
Project("{FAE04EC0-301F-11D3-BF4B-00C04F79EFBC}") = "Core.Network.ExternalShared", "Core\Core.Network.ExternalShared\Core.Network.ExternalShared.csproj", "{F24550FC-8EAC-4B3F-A75B-CC505735D04A}"
EndProject
Project("{FAE04EC0-301F-11D3-BF4B-00C04F79EFBC}") = "Core.Network", "Core\Core.Network\Core.Network.csproj", "{55F2EA3E-3599-4055-BECC-EC247F234C36}"
EndProject
Project("{2150E333-8FDC-42A3-9474-1A3956D46DE8}") = "Bots", "Bots", "{57877572-3170-4812-B6F9-1E3AADB74565}"
EndProject
Project("{2150E333-8FDC-42A3-9474-1A3956D46DE8}") = "Bomberman", "Bomberman", "{4C26DF48-4628-41FC-B90B-55F2DB9AEEB6}"
EndProject
Project("{FAE04EC0-301F-11D3-BF4B-00C04F79EFBC}") = "Player1DumbBot", "Bots\Bomberman\Player1DumbBot\Player1DumbBot.csproj", "{ECE45B22-D967-4402-B181-C0D74BCF574A}"
EndProject
Project("{2150E333-8FDC-42A3-9474-1A3956D46DE8}") = "Games", "Games", "{EB75CDE5-067F-44BA-850A-ECB84C2CAFC8}"
EndProject
Project("{2150E333-8FDC-42A3-9474-1A3956D46DE8}") = "Bomberman", "Bomberman", "{BDE342AD-D9FF-436E-9FCD-44ED3B44AD37}"
EndProject
Global
	GlobalSection(SolutionConfigurationPlatforms) = preSolution
		Debug|Any CPU = Debug|Any CPU
		Release|Any CPU = Release|Any CPU
	EndGlobalSection
	GlobalSection(ProjectConfigurationPlatforms) = postSolution
		{E9031949-17DE-4F1E-BAC6-8381B4A74BEF}.Debug|Any CPU.ActiveCfg = Debug|Any CPU
		{E9031949-17DE-4F1E-BAC6-8381B4A74BEF}.Debug|Any CPU.Build.0 = Debug|Any CPU
		{E9031949-17DE-4F1E-BAC6-8381B4A74BEF}.Release|Any CPU.ActiveCfg = Release|Any CPU
		{E9031949-17DE-4F1E-BAC6-8381B4A74BEF}.Release|Any CPU.Build.0 = Release|Any CPU
		{2EDE3DA2-4516-4A97-B05D-9A3D843A9C99}.Debug|Any CPU.ActiveCfg = Debug|Any CPU
		{2EDE3DA2-4516-4A97-B05D-9A3D843A9C99}.Debug|Any CPU.Build.0 = Debug|Any CPU
		{2EDE3DA2-4516-4A97-B05D-9A3D843A9C99}.Release|Any CPU.ActiveCfg = Release|Any CPU
		{2EDE3DA2-4516-4A97-B05D-9A3D843A9C99}.Release|Any CPU.Build.0 = Release|Any CPU
		{B1288FF4-13D3-41A5-A58B-5572A56F98E6}.Debug|Any CPU.ActiveCfg = Debug|Any CPU
		{B1288FF4-13D3-41A5-A58B-5572A56F98E6}.Debug|Any CPU.Build.0 = Debug|Any CPU
		{B1288FF4-13D3-41A5-A58B-5572A56F98E6}.Release|Any CPU.ActiveCfg = Release|Any CPU
		{B1288FF4-13D3-41A5-A58B-5572A56F98E6}.Release|Any CPU.Build.0 = Release|Any CPU
		{F09DF2A6-4CB9-4A22-BF41-578BA4189202}.Debug|Any CPU.ActiveCfg = Debug|Any CPU
		{F09DF2A6-4CB9-4A22-BF41-578BA4189202}.Debug|Any CPU.Build.0 = Debug|Any CPU
		{F09DF2A6-4CB9-4A22-BF41-578BA4189202}.Release|Any CPU.ActiveCfg = Release|Any CPU
		{F09DF2A6-4CB9-4A22-BF41-578BA4189202}.Release|Any CPU.Build.0 = Release|Any CPU
		{5AD93FED-3DFB-4BB6-AA56-84182A9FF285}.Debug|Any CPU.ActiveCfg = Debug|Any CPU
		{5AD93FED-3DFB-4BB6-AA56-84182A9FF285}.Debug|Any CPU.Build.0 = Debug|Any CPU
		{5AD93FED-3DFB-4BB6-AA56-84182A9FF285}.Release|Any CPU.ActiveCfg = Release|Any CPU
		{5AD93FED-3DFB-4BB6-AA56-84182A9FF285}.Release|Any CPU.Build.0 = Release|Any CPU
		{CB499FC0-5303-49C8-AB53-39C771E6FFA8}.Debug|Any CPU.ActiveCfg = Debug|Any CPU
		{CB499FC0-5303-49C8-AB53-39C771E6FFA8}.Debug|Any CPU.Build.0 = Debug|Any CPU
		{CB499FC0-5303-49C8-AB53-39C771E6FFA8}.Release|Any CPU.ActiveCfg = Release|Any CPU
		{CB499FC0-5303-49C8-AB53-39C771E6FFA8}.Release|Any CPU.Build.0 = Release|Any CPU
		{4DF81B5C-7BDB-4DE6-8716-C8854FCC6319}.Debug|Any CPU.ActiveCfg = Debug|Any CPU
		{4DF81B5C-7BDB-4DE6-8716-C8854FCC6319}.Debug|Any CPU.Build.0 = Debug|Any CPU
		{4DF81B5C-7BDB-4DE6-8716-C8854FCC6319}.Release|Any CPU.ActiveCfg = Release|Any CPU
		{4DF81B5C-7BDB-4DE6-8716-C8854FCC6319}.Release|Any CPU.Build.0 = Release|Any CPU
		{B7351349-E1D2-475A-82A9-E9222FBD43B7}.Debug|Any CPU.ActiveCfg = Debug|Any CPU
		{B7351349-E1D2-475A-82A9-E9222FBD43B7}.Debug|Any CPU.Build.0 = Debug|Any CPU
		{B7351349-E1D2-475A-82A9-E9222FBD43B7}.Release|Any CPU.ActiveCfg = Release|Any CPU
		{B7351349-E1D2-475A-82A9-E9222FBD43B7}.Release|Any CPU.Build.0 = Release|Any CPU
		{0F40CB4D-6898-4821-A2BA-7201AA47DDF6}.Debug|Any CPU.ActiveCfg = Debug|Any CPU
		{0F40CB4D-6898-4821-A2BA-7201AA47DDF6}.Debug|Any CPU.Build.0 = Debug|Any CPU
		{0F40CB4D-6898-4821-A2BA-7201AA47DDF6}.Release|Any CPU.ActiveCfg = Release|Any CPU
		{0F40CB4D-6898-4821-A2BA-7201AA47DDF6}.Release|Any CPU.Build.0 = Release|Any CPU
		{E00827C8-246B-4DEB-93EC-1409875DB2D4}.Debug|Any CPU.ActiveCfg = Debug|Any CPU
		{E00827C8-246B-4DEB-93EC-1409875DB2D4}.Debug|Any CPU.Build.0 = Debug|Any CPU
		{E00827C8-246B-4DEB-93EC-1409875DB2D4}.Release|Any CPU.ActiveCfg = Release|Any CPU
		{E00827C8-246B-4DEB-93EC-1409875DB2D4}.Release|Any CPU.Build.0 = Release|Any CPU
		{CC9F3FA0-9812-45B1-A1EC-6738B986D405}.Debug|Any CPU.ActiveCfg = Debug|Any CPU
		{CC9F3FA0-9812-45B1-A1EC-6738B986D405}.Debug|Any CPU.Build.0 = Debug|Any CPU
		{CC9F3FA0-9812-45B1-A1EC-6738B986D405}.Release|Any CPU.ActiveCfg = Release|Any CPU
		{CC9F3FA0-9812-45B1-A1EC-6738B986D405}.Release|Any CPU.Build.0 = Release|Any CPU
		{3ED1C675-D13C-4AD4-B09B-CD7EF872F146}.Debug|Any CPU.ActiveCfg = Debug|Any CPU
		{3ED1C675-D13C-4AD4-B09B-CD7EF872F146}.Debug|Any CPU.Build.0 = Debug|Any CPU
		{3ED1C675-D13C-4AD4-B09B-CD7EF872F146}.Release|Any CPU.ActiveCfg = Release|Any CPU
		{3ED1C675-D13C-4AD4-B09B-CD7EF872F146}.Release|Any CPU.Build.0 = Release|Any CPU
		{2D6CB9FC-C84A-4858-B3E4-75BE75D12229}.Debug|Any CPU.ActiveCfg = Debug|Any CPU
		{2D6CB9FC-C84A-4858-B3E4-75BE75D12229}.Debug|Any CPU.Build.0 = Debug|Any CPU
		{2D6CB9FC-C84A-4858-B3E4-75BE75D12229}.Release|Any CPU.ActiveCfg = Release|Any CPU
		{2D6CB9FC-C84A-4858-B3E4-75BE75D12229}.Release|Any CPU.Build.0 = Release|Any CPU
		{4C3B4967-A0D1-4886-A16B-F8CFFE0E5F4C}.Debug|Any CPU.ActiveCfg = Debug|Any CPU
		{4C3B4967-A0D1-4886-A16B-F8CFFE0E5F4C}.Debug|Any CPU.Build.0 = Debug|Any CPU
		{4C3B4967-A0D1-4886-A16B-F8CFFE0E5F4C}.Release|Any CPU.ActiveCfg = Release|Any CPU
		{4C3B4967-A0D1-4886-A16B-F8CFFE0E5F4C}.Release|Any CPU.Build.0 = Release|Any CPU
		{05D50EFF-5563-4683-9167-AF9230C95AA8}.Debug|Any CPU.ActiveCfg = Debug|Any CPU
		{05D50EFF-5563-4683-9167-AF9230C95AA8}.Debug|Any CPU.Build.0 = Debug|Any CPU
		{05D50EFF-5563-4683-9167-AF9230C95AA8}.Release|Any CPU.ActiveCfg = Release|Any CPU
		{05D50EFF-5563-4683-9167-AF9230C95AA8}.Release|Any CPU.Build.0 = Release|Any CPU
		{B3B5371C-35B5-4C6E-9929-82FCD8A6831A}.Debug|Any CPU.ActiveCfg = Debug|Any CPU
		{B3B5371C-35B5-4C6E-9929-82FCD8A6831A}.Debug|Any CPU.Build.0 = Debug|Any CPU
		{B3B5371C-35B5-4C6E-9929-82FCD8A6831A}.Release|Any CPU.ActiveCfg = Release|Any CPU
		{B3B5371C-35B5-4C6E-9929-82FCD8A6831A}.Release|Any CPU.Build.0 = Release|Any CPU
		{F26D6DAD-C231-45AE-A68F-76817019E485}.Debug|Any CPU.ActiveCfg = Debug|Any CPU
		{F26D6DAD-C231-45AE-A68F-76817019E485}.Debug|Any CPU.Build.0 = Debug|Any CPU
		{F26D6DAD-C231-45AE-A68F-76817019E485}.Release|Any CPU.ActiveCfg = Release|Any CPU
		{F26D6DAD-C231-45AE-A68F-76817019E485}.Release|Any CPU.Build.0 = Release|Any CPU
		{F24550FC-8EAC-4B3F-A75B-CC505735D04A}.Debug|Any CPU.ActiveCfg = Debug|Any CPU
		{F24550FC-8EAC-4B3F-A75B-CC505735D04A}.Debug|Any CPU.Build.0 = Debug|Any CPU
		{F24550FC-8EAC-4B3F-A75B-CC505735D04A}.Release|Any CPU.ActiveCfg = Release|Any CPU
		{F24550FC-8EAC-4B3F-A75B-CC505735D04A}.Release|Any CPU.Build.0 = Release|Any CPU
		{55F2EA3E-3599-4055-BECC-EC247F234C36}.Debug|Any CPU.ActiveCfg = Debug|Any CPU
		{55F2EA3E-3599-4055-BECC-EC247F234C36}.Debug|Any CPU.Build.0 = Debug|Any CPU
		{55F2EA3E-3599-4055-BECC-EC247F234C36}.Release|Any CPU.ActiveCfg = Release|Any CPU
		{55F2EA3E-3599-4055-BECC-EC247F234C36}.Release|Any CPU.Build.0 = Release|Any CPU
		{ECE45B22-D967-4402-B181-C0D74BCF574A}.Debug|Any CPU.ActiveCfg = Debug|Any CPU
		{ECE45B22-D967-4402-B181-C0D74BCF574A}.Debug|Any CPU.Build.0 = Debug|Any CPU
		{ECE45B22-D967-4402-B181-C0D74BCF574A}.Release|Any CPU.ActiveCfg = Release|Any CPU
		{ECE45B22-D967-4402-B181-C0D74BCF574A}.Release|Any CPU.Build.0 = Release|Any CPU
	EndGlobalSection
	GlobalSection(NestedProjects) = preSolution
		{2EDE3DA2-4516-4A97-B05D-9A3D843A9C99} = {9D1AFF83-5BE5-413D-9A3F-F1EA9F575B8B}
		{B1288FF4-13D3-41A5-A58B-5572A56F98E6} = {9D1AFF83-5BE5-413D-9A3F-F1EA9F575B8B}
		{E9031949-17DE-4F1E-BAC6-8381B4A74BEF} = {9D1AFF83-5BE5-413D-9A3F-F1EA9F575B8B}
		{F09DF2A6-4CB9-4A22-BF41-578BA4189202} = {9D1AFF83-5BE5-413D-9A3F-F1EA9F575B8B}
		{4C3B4967-A0D1-4886-A16B-F8CFFE0E5F4C} = {9D1AFF83-5BE5-413D-9A3F-F1EA9F575B8B}
		{05D50EFF-5563-4683-9167-AF9230C95AA8} = {0ADCA561-9C09-4350-AD1E-82E3E0F669D3}
		{B3B5371C-35B5-4C6E-9929-82FCD8A6831A} = {0ADCA561-9C09-4350-AD1E-82E3E0F669D3}
		{F26D6DAD-C231-45AE-A68F-76817019E485} = {0ADCA561-9C09-4350-AD1E-82E3E0F669D3}
		{F24550FC-8EAC-4B3F-A75B-CC505735D04A} = {0ADCA561-9C09-4350-AD1E-82E3E0F669D3}
		{55F2EA3E-3599-4055-BECC-EC247F234C36} = {0ADCA561-9C09-4350-AD1E-82E3E0F669D3}
		{4C26DF48-4628-41FC-B90B-55F2DB9AEEB6} = {57877572-3170-4812-B6F9-1E3AADB74565}
		{ECE45B22-D967-4402-B181-C0D74BCF574A} = {4C26DF48-4628-41FC-B90B-55F2DB9AEEB6}
		{0F40CB4D-6898-4821-A2BA-7201AA47DDF6} = {4C26DF48-4628-41FC-B90B-55F2DB9AEEB6}
		{B7351349-E1D2-475A-82A9-E9222FBD43B7} = {4C26DF48-4628-41FC-B90B-55F2DB9AEEB6}
		{BDE342AD-D9FF-436E-9FCD-44ED3B44AD37} = {EB75CDE5-067F-44BA-850A-ECB84C2CAFC8}
	EndGlobalSection
EndGlobal
