
Microsoft Visual Studio Solution File, Format Version 12.00
Project("{FAE04EC0-301F-11D3-BF4B-00C04F79EFBC}") = "BombermanClient_C_Sharp", "BombermanClient_C_Sharp\BombermanClient_C_Sharp.csproj", "{0D75E3E5-A417-4C4A-A58C-E1FE59C31F53}"
EndProject
Project("{2150E333-8FDC-42A3-9474-1A3956D46DE8}") = "Bots", "Bots", "{F9E52EB7-736F-4D87-A470-6036EB732C04}"
EndProject
Project("{2150E333-8FDC-42A3-9474-1A3956D46DE8}") = "Bomberman", "Bomberman", "{771F92E1-52FA-4EAB-ABE2-4B604CD1E2F6}"
EndProject
Project("{FAE04EC0-301F-11D3-BF4B-00C04F79EFBC}") = "Archive", "Bots\Bomberman\Archive\Archive.csproj", "{11953900-8043-4DC7-AB29-36C3014A576C}"
EndProject
Project("{FAE04EC0-301F-11D3-BF4B-00C04F79EFBC}") = "DumbBot", "Bots\Bomberman\DumbBot\DumbBot.csproj", "{BE6F09E6-A720-4E54-8D73-41D29002143D}"
EndProject
Project("{FAE04EC0-301F-11D3-BF4B-00C04F79EFBC}") = "Examples", "Bots\Bomberman\Examples\Examples.csproj", "{3904A494-BDB8-4DC4-A7C7-BA9561CB9857}"
EndProject
Project("{2150E333-8FDC-42A3-9474-1A3956D46DE8}") = "Games", "Games", "{0D76FB34-7466-46C5-944F-BE2999EEBB31}"
EndProject
Project("{FAE04EC0-301F-11D3-BF4B-00C04F79EFBC}") = "BombermanGame.Shared", "Games\BombermanGame.Shared\BombermanGame.Shared.csproj", "{7FE70783-E766-4035-A428-44DC22F3B1FC}"
EndProject
Project("{2150E333-8FDC-42A3-9474-1A3956D46DE8}") = "Core", "Core", "{0E178097-F9FB-4230-AA74-379F14799918}"
EndProject
Project("{FAE04EC0-301F-11D3-BF4B-00C04F79EFBC}") = "Network.Shared", "Core\Network.Shared\Network.Shared.csproj", "{24F49708-A5D0-4BE0-B534-8F7504B6973D}"
EndProject
Project("{FAE04EC0-301F-11D3-BF4B-00C04F79EFBC}") = "NetworkFactory", "Core\NetworkFactory\NetworkFactory.csproj", "{A73AB145-815B-4623-B37A-2E2A0A832CCE}"
EndProject
Project("{FAE04EC0-301F-11D3-BF4B-00C04F79EFBC}") = "Engine.Shared", "Core\Engine.Shared\Engine.Shared.csproj", "{C364D392-1295-4541-8328-8E9DBE667E45}"
EndProject
Project("{2150E333-8FDC-42A3-9474-1A3956D46DE8}") = "Network", "Network", "{8BB2DDDC-F2C4-437D-BD48-7AC018498227}"
EndProject
Project("{FAE04EC0-301F-11D3-BF4B-00C04F79EFBC}") = "Client", "Core\Network\Client\Client.csproj", "{E6E190BC-63F9-46DB-B625-C386D451869F}"
EndProject
Project("{FAE04EC0-301F-11D3-BF4B-00C04F79EFBC}") = "InternalShared", "Core\Network\InternalShared\InternalShared.csproj", "{5505C571-CBC8-48D3-9D92-4B203DAF4405}"
EndProject
Project("{FAE04EC0-301F-11D3-BF4B-00C04F79EFBC}") = "Server", "Core\Network\Server\Server.csproj", "{3D9FA0EC-4526-437A-BABF-8583DBB05C4F}"
EndProject
Global
	GlobalSection(SolutionConfigurationPlatforms) = preSolution
		Debug|Any CPU = Debug|Any CPU
		Release|Any CPU = Release|Any CPU
	EndGlobalSection
	GlobalSection(ProjectConfigurationPlatforms) = postSolution
		{0D75E3E5-A417-4C4A-A58C-E1FE59C31F53}.Debug|Any CPU.ActiveCfg = Debug|Any CPU
		{0D75E3E5-A417-4C4A-A58C-E1FE59C31F53}.Debug|Any CPU.Build.0 = Debug|Any CPU
		{0D75E3E5-A417-4C4A-A58C-E1FE59C31F53}.Release|Any CPU.ActiveCfg = Release|Any CPU
		{0D75E3E5-A417-4C4A-A58C-E1FE59C31F53}.Release|Any CPU.Build.0 = Release|Any CPU
		{11953900-8043-4DC7-AB29-36C3014A576C}.Debug|Any CPU.ActiveCfg = Debug|Any CPU
		{11953900-8043-4DC7-AB29-36C3014A576C}.Debug|Any CPU.Build.0 = Debug|Any CPU
		{11953900-8043-4DC7-AB29-36C3014A576C}.Release|Any CPU.ActiveCfg = Release|Any CPU
		{11953900-8043-4DC7-AB29-36C3014A576C}.Release|Any CPU.Build.0 = Release|Any CPU
		{BE6F09E6-A720-4E54-8D73-41D29002143D}.Debug|Any CPU.ActiveCfg = Debug|Any CPU
		{BE6F09E6-A720-4E54-8D73-41D29002143D}.Debug|Any CPU.Build.0 = Debug|Any CPU
		{BE6F09E6-A720-4E54-8D73-41D29002143D}.Release|Any CPU.ActiveCfg = Release|Any CPU
		{BE6F09E6-A720-4E54-8D73-41D29002143D}.Release|Any CPU.Build.0 = Release|Any CPU
		{3904A494-BDB8-4DC4-A7C7-BA9561CB9857}.Debug|Any CPU.ActiveCfg = Debug|Any CPU
		{3904A494-BDB8-4DC4-A7C7-BA9561CB9857}.Debug|Any CPU.Build.0 = Debug|Any CPU
		{3904A494-BDB8-4DC4-A7C7-BA9561CB9857}.Release|Any CPU.ActiveCfg = Release|Any CPU
		{3904A494-BDB8-4DC4-A7C7-BA9561CB9857}.Release|Any CPU.Build.0 = Release|Any CPU
		{7FE70783-E766-4035-A428-44DC22F3B1FC}.Debug|Any CPU.ActiveCfg = Debug|Any CPU
		{7FE70783-E766-4035-A428-44DC22F3B1FC}.Debug|Any CPU.Build.0 = Debug|Any CPU
		{7FE70783-E766-4035-A428-44DC22F3B1FC}.Release|Any CPU.ActiveCfg = Release|Any CPU
		{7FE70783-E766-4035-A428-44DC22F3B1FC}.Release|Any CPU.Build.0 = Release|Any CPU
		{24F49708-A5D0-4BE0-B534-8F7504B6973D}.Debug|Any CPU.ActiveCfg = Debug|Any CPU
		{24F49708-A5D0-4BE0-B534-8F7504B6973D}.Debug|Any CPU.Build.0 = Debug|Any CPU
		{24F49708-A5D0-4BE0-B534-8F7504B6973D}.Release|Any CPU.ActiveCfg = Release|Any CPU
		{24F49708-A5D0-4BE0-B534-8F7504B6973D}.Release|Any CPU.Build.0 = Release|Any CPU
		{A73AB145-815B-4623-B37A-2E2A0A832CCE}.Debug|Any CPU.ActiveCfg = Debug|Any CPU
		{A73AB145-815B-4623-B37A-2E2A0A832CCE}.Debug|Any CPU.Build.0 = Debug|Any CPU
		{A73AB145-815B-4623-B37A-2E2A0A832CCE}.Release|Any CPU.ActiveCfg = Release|Any CPU
		{A73AB145-815B-4623-B37A-2E2A0A832CCE}.Release|Any CPU.Build.0 = Release|Any CPU
		{C364D392-1295-4541-8328-8E9DBE667E45}.Debug|Any CPU.ActiveCfg = Debug|Any CPU
		{C364D392-1295-4541-8328-8E9DBE667E45}.Debug|Any CPU.Build.0 = Debug|Any CPU
		{C364D392-1295-4541-8328-8E9DBE667E45}.Release|Any CPU.ActiveCfg = Release|Any CPU
		{C364D392-1295-4541-8328-8E9DBE667E45}.Release|Any CPU.Build.0 = Release|Any CPU
		{E6E190BC-63F9-46DB-B625-C386D451869F}.Debug|Any CPU.ActiveCfg = Debug|Any CPU
		{E6E190BC-63F9-46DB-B625-C386D451869F}.Debug|Any CPU.Build.0 = Debug|Any CPU
		{E6E190BC-63F9-46DB-B625-C386D451869F}.Release|Any CPU.ActiveCfg = Release|Any CPU
		{E6E190BC-63F9-46DB-B625-C386D451869F}.Release|Any CPU.Build.0 = Release|Any CPU
		{5505C571-CBC8-48D3-9D92-4B203DAF4405}.Debug|Any CPU.ActiveCfg = Debug|Any CPU
		{5505C571-CBC8-48D3-9D92-4B203DAF4405}.Debug|Any CPU.Build.0 = Debug|Any CPU
		{5505C571-CBC8-48D3-9D92-4B203DAF4405}.Release|Any CPU.ActiveCfg = Release|Any CPU
		{5505C571-CBC8-48D3-9D92-4B203DAF4405}.Release|Any CPU.Build.0 = Release|Any CPU
		{3D9FA0EC-4526-437A-BABF-8583DBB05C4F}.Debug|Any CPU.ActiveCfg = Debug|Any CPU
		{3D9FA0EC-4526-437A-BABF-8583DBB05C4F}.Debug|Any CPU.Build.0 = Debug|Any CPU
		{3D9FA0EC-4526-437A-BABF-8583DBB05C4F}.Release|Any CPU.ActiveCfg = Release|Any CPU
		{3D9FA0EC-4526-437A-BABF-8583DBB05C4F}.Release|Any CPU.Build.0 = Release|Any CPU
	EndGlobalSection
	GlobalSection(NestedProjects) = preSolution
		{771F92E1-52FA-4EAB-ABE2-4B604CD1E2F6} = {F9E52EB7-736F-4D87-A470-6036EB732C04}
		{11953900-8043-4DC7-AB29-36C3014A576C} = {771F92E1-52FA-4EAB-ABE2-4B604CD1E2F6}
		{BE6F09E6-A720-4E54-8D73-41D29002143D} = {771F92E1-52FA-4EAB-ABE2-4B604CD1E2F6}
		{3904A494-BDB8-4DC4-A7C7-BA9561CB9857} = {771F92E1-52FA-4EAB-ABE2-4B604CD1E2F6}
		{7FE70783-E766-4035-A428-44DC22F3B1FC} = {0D76FB34-7466-46C5-944F-BE2999EEBB31}
		{24F49708-A5D0-4BE0-B534-8F7504B6973D} = {0E178097-F9FB-4230-AA74-379F14799918}
		{A73AB145-815B-4623-B37A-2E2A0A832CCE} = {0E178097-F9FB-4230-AA74-379F14799918}
		{C364D392-1295-4541-8328-8E9DBE667E45} = {0E178097-F9FB-4230-AA74-379F14799918}
		{8BB2DDDC-F2C4-437D-BD48-7AC018498227} = {0E178097-F9FB-4230-AA74-379F14799918}
		{E6E190BC-63F9-46DB-B625-C386D451869F} = {8BB2DDDC-F2C4-437D-BD48-7AC018498227}
		{5505C571-CBC8-48D3-9D92-4B203DAF4405} = {8BB2DDDC-F2C4-437D-BD48-7AC018498227}
		{3D9FA0EC-4526-437A-BABF-8583DBB05C4F} = {8BB2DDDC-F2C4-437D-BD48-7AC018498227}
	EndGlobalSection
EndGlobal
